
Microsoft Visual Studio Solution File, Format Version 12.00
# Visual Studio Version 16
VisualStudioVersion = 16.0.31105.61
MinimumVisualStudioVersion = 10.0.40219.1
Project("{FAE04EC0-301F-11D3-BF4B-00C04F79EFBC}") = "BuildOnRasPi", "BuildOnRasPi\BuildOnRasPi.csproj", "{BA9E95D8-7324-450E-A47B-0BCD4AA23BE6}"
EndProject
Project("{FAE04EC0-301F-11D3-BF4B-00C04F79EFBC}") = "TestOnRasPi", "TestOnRasPi\TestOnRasPi.csproj", "{B92C76EC-79DC-4D6F-9763-1378F137A8B5}"
EndProject
Global
	GlobalSection(SolutionConfigurationPlatforms) = preSolution
		Debug|Any CPU = Debug|Any CPU
		Release|Any CPU = Release|Any CPU
	EndGlobalSection
	GlobalSection(ProjectConfigurationPlatforms) = postSolution
		{BA9E95D8-7324-450E-A47B-0BCD4AA23BE6}.Debug|Any CPU.ActiveCfg = Debug|Any CPU
		{BA9E95D8-7324-450E-A47B-0BCD4AA23BE6}.Debug|Any CPU.Build.0 = Debug|Any CPU
		{BA9E95D8-7324-450E-A47B-0BCD4AA23BE6}.Release|Any CPU.ActiveCfg = Release|Any CPU
		{BA9E95D8-7324-450E-A47B-0BCD4AA23BE6}.Release|Any CPU.Build.0 = Release|Any CPU
		{B92C76EC-79DC-4D6F-9763-1378F137A8B5}.Debug|Any CPU.ActiveCfg = Debug|Any CPU
		{B92C76EC-79DC-4D6F-9763-1378F137A8B5}.Debug|Any CPU.Build.0 = Debug|Any CPU
		{B92C76EC-79DC-4D6F-9763-1378F137A8B5}.Release|Any CPU.ActiveCfg = Release|Any CPU
		{B92C76EC-79DC-4D6F-9763-1378F137A8B5}.Release|Any CPU.Build.0 = Release|Any CPU
	EndGlobalSection
	GlobalSection(SolutionProperties) = preSolution
		HideSolutionNode = FALSE
	EndGlobalSection
	GlobalSection(ExtensibilityGlobals) = postSolution
		SolutionGuid = {0117D575-9E5A-466E-B33F-ECD112C944C6}
	EndGlobalSection
EndGlobal
